
Microsoft Visual Studio Solution File, Format Version 12.00
# Visual Studio Version 17
VisualStudioVersion = 17.7.34221.43
MinimumVisualStudioVersion = 10.0.40219.1
Project("{FAE04EC0-301F-11D3-BF4B-00C04F79EFBC}") = "SistemAutentificareFolosindBucle", "SistemAutentificareFolosindBucle.csproj", "{A75C9CB9-1E87-436D-873C-41840A5AD338}"
EndProject
Global
	GlobalSection(SolutionConfigurationPlatforms) = preSolution
		Debug|Any CPU = Debug|Any CPU
		Release|Any CPU = Release|Any CPU
	EndGlobalSection
	GlobalSection(ProjectConfigurationPlatforms) = postSolution
		{A75C9CB9-1E87-436D-873C-41840A5AD338}.Debug|Any CPU.ActiveCfg = Debug|Any CPU
		{A75C9CB9-1E87-436D-873C-41840A5AD338}.Debug|Any CPU.Build.0 = Debug|Any CPU
		{A75C9CB9-1E87-436D-873C-41840A5AD338}.Release|Any CPU.ActiveCfg = Release|Any CPU
		{A75C9CB9-1E87-436D-873C-41840A5AD338}.Release|Any CPU.Build.0 = Release|Any CPU
	EndGlobalSection
	GlobalSection(SolutionProperties) = preSolution
		HideSolutionNode = FALSE
	EndGlobalSection
	GlobalSection(ExtensibilityGlobals) = postSolution
		SolutionGuid = {C74BAAE5-E52C-4ED8-A348-498386888D51}
	EndGlobalSection
EndGlobal
